
Microsoft Visual Studio Solution File, Format Version 12.00
# Visual Studio 15
VisualStudioVersion = 15.0.27703.2035
MinimumVisualStudioVersion = 10.0.40219.1
Project("{FAE04EC0-301F-11D3-BF4B-00C04F79EFBC}") = "PaoPao", "PaoPao\PaoPao.csproj", "{9C57EB33-22FD-48C1-A904-ED750F4C7150}"
EndProject
Project("{FAE04EC0-301F-11D3-BF4B-00C04F79EFBC}") = "PaoPao.WPF", "PaoPao.WPF\PaoPao.WPF.csproj", "{8F458F76-D042-4998-BCCD-A32AAC86EF9B}"
EndProject
Global
	GlobalSection(SolutionConfigurationPlatforms) = preSolution
		Debug|Any CPU = Debug|Any CPU
		Release|Any CPU = Release|Any CPU
	EndGlobalSection
	GlobalSection(ProjectConfigurationPlatforms) = postSolution
		{9C57EB33-22FD-48C1-A904-ED750F4C7150}.Debug|Any CPU.ActiveCfg = Debug|Any CPU
		{9C57EB33-22FD-48C1-A904-ED750F4C7150}.Debug|Any CPU.Build.0 = Debug|Any CPU
		{9C57EB33-22FD-48C1-A904-ED750F4C7150}.Release|Any CPU.ActiveCfg = Release|Any CPU
		{9C57EB33-22FD-48C1-A904-ED750F4C7150}.Release|Any CPU.Build.0 = Release|Any CPU
		{8F458F76-D042-4998-BCCD-A32AAC86EF9B}.Debug|Any CPU.ActiveCfg = Debug|Any CPU
		{8F458F76-D042-4998-BCCD-A32AAC86EF9B}.Debug|Any CPU.Build.0 = Debug|Any CPU
		{8F458F76-D042-4998-BCCD-A32AAC86EF9B}.Release|Any CPU.ActiveCfg = Release|Any CPU
		{8F458F76-D042-4998-BCCD-A32AAC86EF9B}.Release|Any CPU.Build.0 = Release|Any CPU
	EndGlobalSection
	GlobalSection(SolutionProperties) = preSolution
		HideSolutionNode = FALSE
	EndGlobalSection
	GlobalSection(ExtensibilityGlobals) = postSolution
		SolutionGuid = {121ECD44-84D7-4F00-A0F9-4EBBE3A39016}
	EndGlobalSection
EndGlobal
